// !$*UTF8*$!
{
	archiveVersion = 1;
	classes = {
	};
	objectVersion = 46;
	objects = {

/* Begin PBXBuildFile section */
		0AFEF9CD1CC5869E000B94DC /* main.m in Sources */ = {isa = PBXBuildFile; fileRef = 0AFEF9CC1CC5869E000B94DC /* main.m */; };
		0AFEF9D01CC5869E000B94DC /* AppDelegate.m in Sources */ = {isa = PBXBuildFile; fileRef = 0AFEF9CF1CC5869E000B94DC /* AppDelegate.m */; };
		0AFEF9D31CC5869E000B94DC /* ViewController.m in Sources */ = {isa = PBXBuildFile; fileRef = 0AFEF9D21CC5869E000B94DC /* ViewController.m */; };
		0AFEF9D61CC5869E000B94DC /* Main.storyboard in Resources */ = {isa = PBXBuildFile; fileRef = 0AFEF9D41CC5869E000B94DC /* Main.storyboard */; };
		0AFEF9D81CC5869E000B94DC /* Assets.xcassets in Resources */ = {isa = PBXBuildFile; fileRef = 0AFEF9D71CC5869E000B94DC /* Assets.xcassets */; };
		0AFEF9DB1CC5869E000B94DC /* LaunchScreen.storyboard in Resources */ = {isa = PBXBuildFile; fileRef = 0AFEF9D91CC5869E000B94DC /* LaunchScreen.storyboard */; };
/* End PBXBuildFile section */

/* Begin PBXFileReference section */
		0AFEF9C81CC5869E000B94DC /* Unit Converter.app */ = {isa = PBXFileReference; explicitFileType = wrapper.application; includeInIndex = 0; path = "Unit Converter.app"; sourceTree = BUILT_PRODUCTS_DIR; };
		0AFEF9CC1CC5869E000B94DC /* main.m */ = {isa = PBXFileReference; lastKnownFileType = sourcecode.c.objc; path = main.m; sourceTree = "<group>"; };
		0AFEF9CE1CC5869E000B94DC /* AppDelegate.h */ = {isa = PBXFileReference; lastKnownFileType = sourcecode.c.h; path = AppDelegate.h; sourceTree = "<group>"; };
		0AFEF9CF1CC5869E000B94DC /* AppDelegate.m */ = {isa = PBXFileReference; lastKnownFileType = sourcecode.c.objc; path = AppDelegate.m; sourceTree = "<group>"; };
		0AFEF9D11CC5869E000B94DC /* ViewController.h */ = {isa = PBXFileReference; lastKnownFileType = sourcecode.c.h; path = ViewController.h; sourceTree = "<group>"; };
		0AFEF9D21CC5869E000B94DC /* ViewController.m */ = {isa = PBXFileReference; lastKnownFileType = sourcecode.c.objc; path = ViewController.m; sourceTree = "<group>"; };
		0AFEF9D51CC5869E000B94DC /* Base */ = {isa = PBXFileReference; lastKnownFileType = file.storyboard; name = Base; path = Base.lproj/Main.storyboard; sourceTree = "<group>"; };
		0AFEF9D71CC5869E000B94DC /* Assets.xcassets */ = {isa = PBXFileReference; lastKnownFileType = folder.assetcatalog; path = Assets.xcassets; sourceTree = "<group>"; };
		0AFEF9DA1CC5869E000B94DC /* Base */ = {isa = PBXFileReference; lastKnownFileType = file.storyboard; name = Base; path = Base.lproj/LaunchScreen.storyboard; sourceTree = "<group>"; };
		0AFEF9DC1CC5869E000B94DC /* Info.plist */ = {isa = PBXFileReference; lastKnownFileType = text.plist.xml; path = Info.plist; sourceTree = "<group>"; };
/* End PBXFileReference section */

/* Begin PBXFrameworksBuildPhase section */
		0AFEF9C51CC5869E000B94DC /* Frameworks */ = {
			isa = PBXFrameworksBuildPhase;
			buildActionMask = 2147483647;
			files = (
			);
			runOnlyForDeploymentPostprocessing = 0;
		};
/* End PBXFrameworksBuildPhase section */

/* Begin PBXGroup section */
		0AFEF9BF1CC5869E000B94DC = {
			isa = PBXGroup;
			children = (
				0AFEF9CA1CC5869E000B94DC /* Unit Converter */,
				0AFEF9C91CC5869E000B94DC /* Products */,
			);
			sourceTree = "<group>";
		};
		0AFEF9C91CC5869E000B94DC /* Products */ = {
			isa = PBXGroup;
			children = (
				0AFEF9C81CC5869E000B94DC /* Unit Converter.app */,
			);
			name = Products;
			sourceTree = "<group>";
		};
		0AFEF9CA1CC5869E000B94DC /* Unit Converter */ = {
			isa = PBXGroup;
			children = (
				0AFEF9CE1CC5869E000B94DC /* AppDelegate.h */,
				0AFEF9CF1CC5869E000B94DC /* AppDelegate.m */,
				0AFEF9D11CC5869E000B94DC /* ViewController.h */,
				0AFEF9D21CC5869E000B94DC /* ViewController.m */,
				0AFEF9D41CC5869E000B94DC /* Main.storyboard */,
				0AFEF9D71CC5869E000B94DC /* Assets.xcassets */,
				0AFEF9D91CC5869E000B94DC /* LaunchScreen.storyboard */,
				0AFEF9DC1CC5869E000B94DC /* Info.plist */,
				0AFEF9CB1CC5869E000B94DC /* Supporting Files */,
			);
			path = "Unit Converter";
			sourceTree = "<group>";
		};
		0AFEF9CB1CC5869E000B94DC /* Supporting Files */ = {
			isa = PBXGroup;
			children = (
				0AFEF9CC1CC5869E000B94DC /* main.m */,
			);
			name = "Supporting Files";
			sourceTree = "<group>";
		};
/* End PBXGroup section */

/* Begin PBXNativeTarget section */
		0AFEF9C71CC5869E000B94DC /* Unit Converter */ = {
			isa = PBXNativeTarget;
			buildConfigurationList = 0AFEF9DF1CC5869E000B94DC /* Build configuration list for PBXNativeTarget "Unit Converter" */;
			buildPhases = (
				0AFEF9C41CC5869E000B94DC /* Sources */,
				0AFEF9C51CC5869E000B94DC /* Frameworks */,
				0AFEF9C61CC5869E000B94DC /* Resources */,
			);
			buildRules = (
			);
			dependencies = (
			);
			name = "Unit Converter";
			productName = "Unit Converter";
			productReference = 0AFEF9C81CC5869E000B94DC /* Unit Converter.app */;
			productType = "com.apple.product-type.application";
		};
/* End PBXNativeTarget section */

/* Begin PBXProject section */
		0AFEF9C01CC5869E000B94DC /* Project object */ = {
			isa = PBXProject;
			attributes = {
				LastUpgradeCheck = 0730;
				ORGANIZATIONNAME = "Kevin Skompinski";
				TargetAttributes = {
					0AFEF9C71CC5869E000B94DC = {
						CreatedOnToolsVersion = 7.3;
						DevelopmentTeam = 5XSMZ8QWFP;
					};
				};
			};
			buildConfigurationList = 0AFEF9C31CC5869E000B94DC /* Build configuration list for PBXProject "Unit Converter" */;
			compatibilityVersion = "Xcode 3.2";
			developmentRegion = English;
			hasScannedForEncodings = 0;
			knownRegions = (
				en,
				Base,
			);
			mainGroup = 0AFEF9BF1CC5869E000B94DC;
			productRefGroup = 0AFEF9C91CC5869E000B94DC /* Products */;
			projectDirPath = "";
			projectRoot = "";
			targets = (
				0AFEF9C71CC5869E000B94DC /* Unit Converter */,
			);
		};
/* End PBXProject section */

/* Begin PBXResourcesBuildPhase section */
		0AFEF9C61CC5869E000B94DC /* Resources */ = {
			isa = PBXResourcesBuildPhase;
			buildActionMask = 2147483647;
			files = (
				0AFEF9DB1CC5869E000B94DC /* LaunchScreen.storyboard in Resources */,
				0AFEF9D81CC5869E000B94DC /* Assets.xcassets in Resources */,
				0AFEF9D61CC5869E000B94DC /* Main.storyboard in Resources */,
			);
			runOnlyForDeploymentPostprocessing = 0;
		};
/* End PBXResourcesBuildPhase section */

/* Begin PBXSourcesBuildPhase section */
		0AFEF9C41CC5869E000B94DC /* Sources */ = {
			isa = PBXSourcesBuildPhase;
			buildActionMask = 2147483647;
			files = (
				0AFEF9D31CC5869E000B94DC /* ViewController.m in Sources */,
				0AFEF9D01CC5869E000B94DC /* AppDelegate.m in Sources */,
				0AFEF9CD1CC5869E000B94DC /* main.m in Sources */,
			);
			runOnlyForDeploymentPostprocessing = 0;
		};
/* End PBXSourcesBuildPhase section */

/* Begin PBXVariantGroup section */
		0AFEF9D41CC5869E000B94DC /* Main.storyboard */ = {
			isa = PBXVariantGroup;
			children = (
				0AFEF9D51CC5869E000B94DC /* Base */,
			);
			name = Main.storyboard;
			sourceTree = "<group>";
		};
		0AFEF9D91CC5869E000B94DC /* LaunchScreen.storyboard */ = {
			isa = PBXVariantGroup;
			children = (
				0AFEF9DA1CC5869E000B94DC /* Base */,
			);
			name = LaunchScreen.storyboard;
			sourceTree = "<group>";
		};
/* End PBXVariantGroup section */

/* Begin XCBuildConfiguration section */
		0AFEF9DD1CC5869E000B94DC /* Debug */ = {
			isa = XCBuildConfiguration;
			buildSettings = {
				ALWAYS_SEARCH_USER_PATHS = NO;
				CLANG_ANALYZER_NONNULL = YES;
				CLANG_CXX_LANGUAGE_STANDARD = "gnu++0x";
				CLANG_CXX_LIBRARY = "libc++";
				CLANG_ENABLE_MODULES = YES;
				CLANG_ENABLE_OBJC_ARC = YES;
				CLANG_WARN_BOOL_CONVERSION = YES;
				CLANG_WARN_CONSTANT_CONVERSION = YES;
				CLANG_WARN_DIRECT_OBJC_ISA_USAGE = YES_ERROR;
				CLANG_WARN_EMPTY_BODY = YES;
				CLANG_WARN_ENUM_CONVERSION = YES;
				CLANG_WARN_INT_CONVERSION = YES;
				CLANG_WARN_OBJC_ROOT_CLASS = YES_ERROR;
				CLANG_WARN_UNREACHABLE_CODE = YES;
				CLANG_WARN__DUPLICATE_METHOD_MATCH = YES;
				"CODE_SIGN_IDENTITY[sdk=iphoneos*]" = "iPhone Developer";
				COPY_PHASE_STRIP = NO;
				DEBUG_INFORMATION_FORMAT = dwarf;
				ENABLE_STRICT_OBJC_MSGSEND = YES;
				ENABLE_TESTABILITY = YES;
				GCC_C_LANGUAGE_STANDARD = gnu99;
				GCC_DYNAMIC_NO_PIC = NO;
				GCC_NO_COMMON_BLOCKS = YES;
				GCC_OPTIMIZATION_LEVEL = 0;
				GCC_PREPROCESSOR_DEFINITIONS = (
					"DEBUG=1",
					"$(inherited)",
				);
				GCC_WARN_64_TO_32_BIT_CONVERSION = YES;
				GCC_WARN_ABOUT_RETURN_TYPE = YES_ERROR;
				GCC_WARN_UNDECLARED_SELECTOR = YES;
				GCC_WARN_UNINITIALIZED_AUTOS = YES_AGGRESSIVE;
				GCC_WARN_UNUSED_FUNCTION = YES;
				GCC_WARN_UNUSED_VARIABLE = YES;
				IPHONEOS_DEPLOYMENT_TARGET = 9.3;
				MTL_ENABLE_DEBUG_INFO = YES;
				ONLY_ACTIVE_ARCH = YES;
				SDKROOT = iphoneos;
				TARGETED_DEVICE_FAMILY = "1,2";
			};
			name = Debug;
		};
		0AFEF9DE1CC5869E000B94DC /* Release */ = {
			isa = XCBuildConfiguration;
			buildSettings = {
				ALWAYS_SEARCH_USER_PATHS = NO;
				CLANG_ANALYZER_NONNULL = YES;
				CLANG_CXX_LANGUAGE_STANDARD = "gnu++0x";
				CLANG_CXX_LIBRARY = "libc++";
				CLANG_ENABLE_MODULES = YES;
				CLANG_ENABLE_OBJC_ARC = YES;
				CLANG_WARN_BOOL_CONVERSION = YES;
				CLANG_WARN_CONSTANT_CONVERSION = YES;
				CLANG_WARN_DIRECT_OBJC_ISA_USAGE = YES_ERROR;
				CLANG_WARN_EMPTY_BODY = YES;
				CLANG_WARN_ENUM_CONVERSION = YES;
				CLANG_WARN_INT_CONVERSION = YES;
				CLANG_WARN_OBJC_ROOT_CLASS = YES_ERROR;
				CLANG_WARN_UNREACHABLE_CODE = YES;
				CLANG_WARN__DUPLICATE_METHOD_MATCH = YES;
				"CODE_SIGN_IDENTITY[sdk=iphoneos*]" = "iPhone Developer";
				COPY_PHASE_STRIP = NO;
				DEBUG_INFORMATION_FORMAT = "dwarf-with-dsym";
				ENABLE_NS_ASSERTIONS = NO;
				ENABLE_STRICT_OBJC_MSGSEND = YES;
				GCC_C_LANGUAGE_STANDARD = gnu99;
				GCC_NO_COMMON_BLOCKS = YES;
				GCC_WARN_64_TO_32_BIT_CONVERSION = YES;
				GCC_WARN_ABOUT_RETURN_TYPE = YES_ERROR;
				GCC_WARN_UNDECLARED_SELECTOR = YES;
				GCC_WARN_UNINITIALIZED_AUTOS = YES_AGGRESSIVE;
				GCC_WARN_UNUSED_FUNCTION = YES;
				GCC_WARN_UNUSED_VARIABLE = YES;
				IPHONEOS_DEPLOYMENT_TARGET = 9.3;
				MTL_ENABLE_DEBUG_INFO = NO;
				SDKROOT = iphoneos;
				TARGETED_DEVICE_FAMILY = "1,2";
				VALIDATE_PRODUCT = YES;
			};
			name = Release;
		};
		0AFEF9E01CC5869E000B94DC /* Debug */ = {
			isa = XCBuildConfiguration;
			buildSettings = {
				ASSETCATALOG_COMPILER_APPICON_NAME = AppIcon;
				CODE_SIGN_IDENTITY = "iPhone Developer";
				"CODE_SIGN_IDENTITY[sdk=iphoneos*]" = "iPhone Developer";
				INFOPLIST_FILE = "Unit Converter/Info.plist";
				LD_RUNPATH_SEARCH_PATHS = "$(inherited) @executable_path/Frameworks";
				PRODUCT_BUNDLE_IDENTIFIER = "Kevin-Skompinski.Unit-Converter";
				PRODUCT_NAME = "$(TARGET_NAME)";
				PROVISIONING_PROFILE = "";
			};
			name = Debug;
		};
		0AFEF9E11CC5869E000B94DC /* Release */ = {
			isa = XCBuildConfiguration;
			buildSettings = {
				ASSETCATALOG_COMPILER_APPICON_NAME = AppIcon;
				CODE_SIGN_IDENTITY = "iPhone Developer";
				"CODE_SIGN_IDENTITY[sdk=iphoneos*]" = "iPhone Developer";
				INFOPLIST_FILE = "Unit Converter/Info.plist";
				LD_RUNPATH_SEARCH_PATHS = "$(inherited) @executable_path/Frameworks";
				PRODUCT_BUNDLE_IDENTIFIER = "Kevin-Skompinski.Unit-Converter";
				PRODUCT_NAME = "$(TARGET_NAME)";
				PROVISIONING_PROFILE = "";
			};
			name = Release;
		};
/* End XCBuildConfiguration section */

/* Begin XCConfigurationList section */
		0AFEF9C31CC5869E000B94DC /* Build configuration list for PBXProject "Unit Converter" */ = {
			isa = XCConfigurationList;
			buildConfigurations = (
				0AFEF9DD1CC5869E000B94DC /* Debug */,
				0AFEF9DE1CC5869E000B94DC /* Release */,
			);
			defaultConfigurationIsVisible = 0;
			defaultConfigurationName = Release;
		};
		0AFEF9DF1CC5869E000B94DC /* Build configuration list for PBXNativeTarget "Unit Converter" */ = {
			isa = XCConfigurationList;
			buildConfigurations = (
				0AFEF9E01CC5869E000B94DC /* Debug */,
				0AFEF9E11CC5869E000B94DC /* Release */,
			);
			defaultConfigurationIsVisible = 0;
		};
/* End XCConfigurationList section */
	};
	rootObject = 0AFEF9C01CC5869E000B94DC /* Project object */;
}
